
Microsoft Visual Studio Solution File, Format Version 12.00
# Visual Studio Version 16
VisualStudioVersion = 16.0.31702.278
MinimumVisualStudioVersion = 10.0.40219.1
Project("{FAE04EC0-301F-11D3-BF4B-00C04F79EFBC}") = "ConsoleApp1", "ConsoleApp1\ConsoleApp1.csproj", "{883B0895-DC6E-404F-9513-2BEF9F3307BF}"
EndProject
Global
	GlobalSection(SolutionConfigurationPlatforms) = preSolution
		Debug|Any CPU = Debug|Any CPU
		Release|Any CPU = Release|Any CPU
	EndGlobalSection
	GlobalSection(ProjectConfigurationPlatforms) = postSolution
		{883B0895-DC6E-404F-9513-2BEF9F3307BF}.Debug|Any CPU.ActiveCfg = Debug|Any CPU
		{883B0895-DC6E-404F-9513-2BEF9F3307BF}.Debug|Any CPU.Build.0 = Debug|Any CPU
		{883B0895-DC6E-404F-9513-2BEF9F3307BF}.Release|Any CPU.ActiveCfg = Release|Any CPU
		{883B0895-DC6E-404F-9513-2BEF9F3307BF}.Release|Any CPU.Build.0 = Release|Any CPU
	EndGlobalSection
	GlobalSection(SolutionProperties) = preSolution
		HideSolutionNode = FALSE
	EndGlobalSection
	GlobalSection(ExtensibilityGlobals) = postSolution
		SolutionGuid = {53022E7F-4D0F-4B17-89DC-72CFB122DCCF}
	EndGlobalSection
EndGlobal
