
Microsoft Visual Studio Solution File, Format Version 12.00
# Visual Studio Version 16
VisualStudioVersion = 16.0.31019.35
MinimumVisualStudioVersion = 10.0.40219.1
Project("{FAE04EC0-301F-11D3-BF4B-00C04F79EFBC}") = "ConsoleApp1", "ConsoleApp1\ConsoleApp1.csproj", "{273A677E-C1D3-47B8-8E99-CFF1EA1FE7CE}"
EndProject
Global
	GlobalSection(SolutionConfigurationPlatforms) = preSolution
		Debug|Any CPU = Debug|Any CPU
		Release|Any CPU = Release|Any CPU
	EndGlobalSection
	GlobalSection(ProjectConfigurationPlatforms) = postSolution
		{273A677E-C1D3-47B8-8E99-CFF1EA1FE7CE}.Debug|Any CPU.ActiveCfg = Debug|Any CPU
		{273A677E-C1D3-47B8-8E99-CFF1EA1FE7CE}.Debug|Any CPU.Build.0 = Debug|Any CPU
		{273A677E-C1D3-47B8-8E99-CFF1EA1FE7CE}.Release|Any CPU.ActiveCfg = Release|Any CPU
		{273A677E-C1D3-47B8-8E99-CFF1EA1FE7CE}.Release|Any CPU.Build.0 = Release|Any CPU
	EndGlobalSection
	GlobalSection(SolutionProperties) = preSolution
		HideSolutionNode = FALSE
	EndGlobalSection
	GlobalSection(ExtensibilityGlobals) = postSolution
		SolutionGuid = {2A5BEA0B-1379-4B14-A95B-0441F3165865}
	EndGlobalSection
EndGlobal
