
Microsoft Visual Studio Solution File, Format Version 12.00
# Visual Studio Version 16
VisualStudioVersion = 16.0.31019.35
MinimumVisualStudioVersion = 10.0.40219.1
Project("{FAE04EC0-301F-11D3-BF4B-00C04F79EFBC}") = "ConsoleApp1", "ConsoleApp1\ConsoleApp1.csproj", "{D98C0782-6AC3-4E91-AE12-2AE0B8B11CCA}"
EndProject
Global
	GlobalSection(SolutionConfigurationPlatforms) = preSolution
		Debug|Any CPU = Debug|Any CPU
		Release|Any CPU = Release|Any CPU
	EndGlobalSection
	GlobalSection(ProjectConfigurationPlatforms) = postSolution
		{D98C0782-6AC3-4E91-AE12-2AE0B8B11CCA}.Debug|Any CPU.ActiveCfg = Debug|Any CPU
		{D98C0782-6AC3-4E91-AE12-2AE0B8B11CCA}.Debug|Any CPU.Build.0 = Debug|Any CPU
		{D98C0782-6AC3-4E91-AE12-2AE0B8B11CCA}.Release|Any CPU.ActiveCfg = Release|Any CPU
		{D98C0782-6AC3-4E91-AE12-2AE0B8B11CCA}.Release|Any CPU.Build.0 = Release|Any CPU
	EndGlobalSection
	GlobalSection(SolutionProperties) = preSolution
		HideSolutionNode = FALSE
	EndGlobalSection
	GlobalSection(ExtensibilityGlobals) = postSolution
		SolutionGuid = {1C75C7CA-1ADB-4300-9078-9DDBE21C3AEE}
	EndGlobalSection
EndGlobal
